
Microsoft Visual Studio Solution File, Format Version 12.00
# Visual Studio Version 16
VisualStudioVersion = 16.0.29418.71
MinimumVisualStudioVersion = 10.0.40219.1
Project("{9A19103F-16F7-4668-BE54-9A1E7A4F7556}") = "Playground", "Playground\Playground.csproj", "{A2570BA9-D92F-41C9-943A-6DE76E6EB3BC}"
EndProject
Project("{9A19103F-16F7-4668-BE54-9A1E7A4F7556}") = "MiniUDP", "MiniUDP\MiniUDP.csproj", "{2FFFD729-F302-4139-89D1-AAF223B63A8F}"
EndProject
Project("{9A19103F-16F7-4668-BE54-9A1E7A4F7556}") = "Papagei.Common", "Papagei.Common\Papagei.Common.csproj", "{FBEF09D6-8BE4-44FB-8F4A-F40B7749D2B6}"
EndProject
Project("{9A19103F-16F7-4668-BE54-9A1E7A4F7556}") = "Playground.Common", "Playground.Common\Playground.Common.csproj", "{26934CFF-8311-4834-AE9F-57B660E708C8}"
EndProject
Project("{9A19103F-16F7-4668-BE54-9A1E7A4F7556}") = "Papagei", "Papagei\Papagei.csproj", "{B9802FF6-7037-4DCA-9D30-29437266F866}"
EndProject
Project("{9A19103F-16F7-4668-BE54-9A1E7A4F7556}") = "Papagei.Client", "Papagei.Client\Papagei.Client.csproj", "{7BD7992C-FE47-448B-A361-00A4F4486D03}"
EndProject
Project("{FAE04EC0-301F-11D3-BF4B-00C04F79EFBC}") = "Playground.Client.Godot", "Playground.Client.Godot\Playground.Client.Godot.csproj", "{3833614D-542C-455B-A716-6B98100E9D53}"
EndProject
Project("{2150E333-8FDC-42A3-9474-1A3956D46DE8}") = "Libs", "Libs", "{CEF5AD90-2D2F-464D-9114-A78653651B26}"
EndProject
Project("{2150E333-8FDC-42A3-9474-1A3956D46DE8}") = "Solution Items", "Solution Items", "{CD8DBCB9-46FD-4692-BC7D-6DCBECA2C948}"
	ProjectSection(SolutionItems) = preProject
		TextFile1.txt = TextFile1.txt
	EndProjectSection
EndProject
Project("{9A19103F-16F7-4668-BE54-9A1E7A4F7556}") = "Playground.Client.Core", "Playground.Client.Core\Playground.Client.Core.csproj", "{6BEE4B54-541F-4D96-880C-BBE5E770EAC7}"
EndProject
Global
	GlobalSection(SolutionConfigurationPlatforms) = preSolution
		Debug|Any CPU = Debug|Any CPU
		Release|Any CPU = Release|Any CPU
		Tools|Any CPU = Tools|Any CPU
	EndGlobalSection
	GlobalSection(ProjectConfigurationPlatforms) = postSolution
		{A2570BA9-D92F-41C9-943A-6DE76E6EB3BC}.Debug|Any CPU.ActiveCfg = Debug|Any CPU
		{A2570BA9-D92F-41C9-943A-6DE76E6EB3BC}.Debug|Any CPU.Build.0 = Debug|Any CPU
		{A2570BA9-D92F-41C9-943A-6DE76E6EB3BC}.Release|Any CPU.ActiveCfg = Release|Any CPU
		{A2570BA9-D92F-41C9-943A-6DE76E6EB3BC}.Release|Any CPU.Build.0 = Release|Any CPU
		{A2570BA9-D92F-41C9-943A-6DE76E6EB3BC}.Tools|Any CPU.ActiveCfg = Release|Any CPU
		{A2570BA9-D92F-41C9-943A-6DE76E6EB3BC}.Tools|Any CPU.Build.0 = Release|Any CPU
		{2FFFD729-F302-4139-89D1-AAF223B63A8F}.Debug|Any CPU.ActiveCfg = Debug|Any CPU
		{2FFFD729-F302-4139-89D1-AAF223B63A8F}.Debug|Any CPU.Build.0 = Debug|Any CPU
		{2FFFD729-F302-4139-89D1-AAF223B63A8F}.Release|Any CPU.ActiveCfg = Release|Any CPU
		{2FFFD729-F302-4139-89D1-AAF223B63A8F}.Release|Any CPU.Build.0 = Release|Any CPU
		{2FFFD729-F302-4139-89D1-AAF223B63A8F}.Tools|Any CPU.ActiveCfg = Release|Any CPU
		{2FFFD729-F302-4139-89D1-AAF223B63A8F}.Tools|Any CPU.Build.0 = Release|Any CPU
		{FBEF09D6-8BE4-44FB-8F4A-F40B7749D2B6}.Debug|Any CPU.ActiveCfg = Debug|Any CPU
		{FBEF09D6-8BE4-44FB-8F4A-F40B7749D2B6}.Debug|Any CPU.Build.0 = Debug|Any CPU
		{FBEF09D6-8BE4-44FB-8F4A-F40B7749D2B6}.Release|Any CPU.ActiveCfg = Release|Any CPU
		{FBEF09D6-8BE4-44FB-8F4A-F40B7749D2B6}.Release|Any CPU.Build.0 = Release|Any CPU
		{FBEF09D6-8BE4-44FB-8F4A-F40B7749D2B6}.Tools|Any CPU.ActiveCfg = Release|Any CPU
		{FBEF09D6-8BE4-44FB-8F4A-F40B7749D2B6}.Tools|Any CPU.Build.0 = Release|Any CPU
		{26934CFF-8311-4834-AE9F-57B660E708C8}.Debug|Any CPU.ActiveCfg = Debug|Any CPU
		{26934CFF-8311-4834-AE9F-57B660E708C8}.Debug|Any CPU.Build.0 = Debug|Any CPU
		{26934CFF-8311-4834-AE9F-57B660E708C8}.Release|Any CPU.ActiveCfg = Release|Any CPU
		{26934CFF-8311-4834-AE9F-57B660E708C8}.Release|Any CPU.Build.0 = Release|Any CPU
		{26934CFF-8311-4834-AE9F-57B660E708C8}.Tools|Any CPU.ActiveCfg = Release|Any CPU
		{26934CFF-8311-4834-AE9F-57B660E708C8}.Tools|Any CPU.Build.0 = Release|Any CPU
		{B9802FF6-7037-4DCA-9D30-29437266F866}.Debug|Any CPU.ActiveCfg = Debug|Any CPU
		{B9802FF6-7037-4DCA-9D30-29437266F866}.Debug|Any CPU.Build.0 = Debug|Any CPU
		{B9802FF6-7037-4DCA-9D30-29437266F866}.Release|Any CPU.ActiveCfg = Release|Any CPU
		{B9802FF6-7037-4DCA-9D30-29437266F866}.Release|Any CPU.Build.0 = Release|Any CPU
		{B9802FF6-7037-4DCA-9D30-29437266F866}.Tools|Any CPU.ActiveCfg = Release|Any CPU
		{B9802FF6-7037-4DCA-9D30-29437266F866}.Tools|Any CPU.Build.0 = Release|Any CPU
		{7BD7992C-FE47-448B-A361-00A4F4486D03}.Debug|Any CPU.ActiveCfg = Debug|Any CPU
		{7BD7992C-FE47-448B-A361-00A4F4486D03}.Debug|Any CPU.Build.0 = Debug|Any CPU
		{7BD7992C-FE47-448B-A361-00A4F4486D03}.Release|Any CPU.ActiveCfg = Release|Any CPU
		{7BD7992C-FE47-448B-A361-00A4F4486D03}.Release|Any CPU.Build.0 = Release|Any CPU
		{7BD7992C-FE47-448B-A361-00A4F4486D03}.Tools|Any CPU.ActiveCfg = Release|Any CPU
		{7BD7992C-FE47-448B-A361-00A4F4486D03}.Tools|Any CPU.Build.0 = Release|Any CPU
		{3833614D-542C-455B-A716-6B98100E9D53}.Debug|Any CPU.ActiveCfg = Debug|Any CPU
		{3833614D-542C-455B-A716-6B98100E9D53}.Debug|Any CPU.Build.0 = Debug|Any CPU
		{3833614D-542C-455B-A716-6B98100E9D53}.Release|Any CPU.ActiveCfg = Release|Any CPU
		{3833614D-542C-455B-A716-6B98100E9D53}.Release|Any CPU.Build.0 = Release|Any CPU
		{3833614D-542C-455B-A716-6B98100E9D53}.Tools|Any CPU.ActiveCfg = Tools|Any CPU
		{3833614D-542C-455B-A716-6B98100E9D53}.Tools|Any CPU.Build.0 = Tools|Any CPU
		{6BEE4B54-541F-4D96-880C-BBE5E770EAC7}.Debug|Any CPU.ActiveCfg = Debug|Any CPU
		{6BEE4B54-541F-4D96-880C-BBE5E770EAC7}.Debug|Any CPU.Build.0 = Debug|Any CPU
		{6BEE4B54-541F-4D96-880C-BBE5E770EAC7}.Release|Any CPU.ActiveCfg = Release|Any CPU
		{6BEE4B54-541F-4D96-880C-BBE5E770EAC7}.Release|Any CPU.Build.0 = Release|Any CPU
		{6BEE4B54-541F-4D96-880C-BBE5E770EAC7}.Tools|Any CPU.ActiveCfg = Debug|Any CPU
		{6BEE4B54-541F-4D96-880C-BBE5E770EAC7}.Tools|Any CPU.Build.0 = Debug|Any CPU
	EndGlobalSection
	GlobalSection(SolutionProperties) = preSolution
		HideSolutionNode = FALSE
	EndGlobalSection
	GlobalSection(NestedProjects) = preSolution
		{2FFFD729-F302-4139-89D1-AAF223B63A8F} = {CEF5AD90-2D2F-464D-9114-A78653651B26}
		{FBEF09D6-8BE4-44FB-8F4A-F40B7749D2B6} = {CEF5AD90-2D2F-464D-9114-A78653651B26}
		{B9802FF6-7037-4DCA-9D30-29437266F866} = {CEF5AD90-2D2F-464D-9114-A78653651B26}
		{7BD7992C-FE47-448B-A361-00A4F4486D03} = {CEF5AD90-2D2F-464D-9114-A78653651B26}
	EndGlobalSection
	GlobalSection(ExtensibilityGlobals) = postSolution
		SolutionGuid = {54875F57-B938-4DCB-A603-7478E44CB111}
	EndGlobalSection
EndGlobal
